// !$*UTF8*$!
{
	archiveVersion = 1;
	classes = {
	};
	objectVersion = 46;
	objects = {

/* Begin PBXBuildFile section */
		6A148A181CB35EFB0065B8AA /* GameOver.swift in Sources */ = {isa = PBXBuildFile; fileRef = 6A148A171CB35EFB0065B8AA /* GameOver.swift */; };
		6A165F041CB5DD0B00B4EB44 /* death.wav in Resources */ = {isa = PBXBuildFile; fileRef = 6A165F031CB5DD0B00B4EB44 /* death.wav */; };
		6A165F061CB5DD1400B4EB44 /* bite.wav in Resources */ = {isa = PBXBuildFile; fileRef = 6A165F051CB5DD1400B4EB44 /* bite.wav */; };
		6A2A51521CB6C4400088F0DD /* star.wav in Resources */ = {isa = PBXBuildFile; fileRef = 6A2A51511CB6C4400088F0DD /* star.wav */; };
		6A2A51541CB6D7770088F0DD /* food.wav in Resources */ = {isa = PBXBuildFile; fileRef = 6A2A51531CB6D7770088F0DD /* food.wav */; };
		6A2A51561CB6D82F0088F0DD /* scream.wav in Resources */ = {isa = PBXBuildFile; fileRef = 6A2A51551CB6D82F0088F0DD /* scream.wav */; };
		6A2A51581CB6D8DA0088F0DD /* gameOver.wav in Resources */ = {isa = PBXBuildFile; fileRef = 6A2A51571CB6D8DA0088F0DD /* gameOver.wav */; };
		6A2A515A1CB6D96E0088F0DD /* shootRock.aiff in Resources */ = {isa = PBXBuildFile; fileRef = 6A2A51591CB6D96E0088F0DD /* shootRock.aiff */; };
		6AC07E841CB193BA00095001 /* AppDelegate.swift in Sources */ = {isa = PBXBuildFile; fileRef = 6AC07E831CB193BA00095001 /* AppDelegate.swift */; };
		6AC07E861CB193BA00095001 /* GameScene.sks in Resources */ = {isa = PBXBuildFile; fileRef = 6AC07E851CB193BA00095001 /* GameScene.sks */; };
		6AC07E881CB193BA00095001 /* GameScene.swift in Sources */ = {isa = PBXBuildFile; fileRef = 6AC07E871CB193BA00095001 /* GameScene.swift */; };
		6AC07E8A1CB193BA00095001 /* GameViewController.swift in Sources */ = {isa = PBXBuildFile; fileRef = 6AC07E891CB193BA00095001 /* GameViewController.swift */; };
		6AC07E8D1CB193BA00095001 /* Main.storyboard in Resources */ = {isa = PBXBuildFile; fileRef = 6AC07E8B1CB193BA00095001 /* Main.storyboard */; };
		6AC07E8F1CB193BA00095001 /* Assets.xcassets in Resources */ = {isa = PBXBuildFile; fileRef = 6AC07E8E1CB193BA00095001 /* Assets.xcassets */; };
		6AC07E921CB193BA00095001 /* LaunchScreen.storyboard in Resources */ = {isa = PBXBuildFile; fileRef = 6AC07E901CB193BA00095001 /* LaunchScreen.storyboard */; };
/* End PBXBuildFile section */

/* Begin PBXFileReference section */
		6A148A171CB35EFB0065B8AA /* GameOver.swift */ = {isa = PBXFileReference; fileEncoding = 4; lastKnownFileType = sourcecode.swift; path = GameOver.swift; sourceTree = "<group>"; };
		6A165F031CB5DD0B00B4EB44 /* death.wav */ = {isa = PBXFileReference; lastKnownFileType = audio.wav; path = death.wav; sourceTree = "<group>"; };
		6A165F051CB5DD1400B4EB44 /* bite.wav */ = {isa = PBXFileReference; lastKnownFileType = audio.wav; path = bite.wav; sourceTree = "<group>"; };
		6A2A51511CB6C4400088F0DD /* star.wav */ = {isa = PBXFileReference; lastKnownFileType = audio.wav; path = star.wav; sourceTree = "<group>"; };
		6A2A51531CB6D7770088F0DD /* food.wav */ = {isa = PBXFileReference; lastKnownFileType = audio.wav; path = food.wav; sourceTree = "<group>"; };
		6A2A51551CB6D82F0088F0DD /* scream.wav */ = {isa = PBXFileReference; lastKnownFileType = audio.wav; path = scream.wav; sourceTree = "<group>"; };
		6A2A51571CB6D8DA0088F0DD /* gameOver.wav */ = {isa = PBXFileReference; lastKnownFileType = audio.wav; path = gameOver.wav; sourceTree = "<group>"; };
		6A2A51591CB6D96E0088F0DD /* shootRock.aiff */ = {isa = PBXFileReference; lastKnownFileType = audio.aiff; path = shootRock.aiff; sourceTree = "<group>"; };
		6AC07E801CB193BA00095001 /* Assignment 3.app */ = {isa = PBXFileReference; explicitFileType = wrapper.application; includeInIndex = 0; path = "Assignment 3.app"; sourceTree = BUILT_PRODUCTS_DIR; };
		6AC07E831CB193BA00095001 /* AppDelegate.swift */ = {isa = PBXFileReference; lastKnownFileType = sourcecode.swift; path = AppDelegate.swift; sourceTree = "<group>"; };
		6AC07E851CB193BA00095001 /* GameScene.sks */ = {isa = PBXFileReference; lastKnownFileType = file.sks; path = GameScene.sks; sourceTree = "<group>"; };
		6AC07E871CB193BA00095001 /* GameScene.swift */ = {isa = PBXFileReference; lastKnownFileType = sourcecode.swift; path = GameScene.swift; sourceTree = "<group>"; };
		6AC07E891CB193BA00095001 /* GameViewController.swift */ = {isa = PBXFileReference; lastKnownFileType = sourcecode.swift; path = GameViewController.swift; sourceTree = "<group>"; };
		6AC07E8C1CB193BA00095001 /* Base */ = {isa = PBXFileReference; lastKnownFileType = file.storyboard; name = Base; path = Base.lproj/Main.storyboard; sourceTree = "<group>"; };
		6AC07E8E1CB193BA00095001 /* Assets.xcassets */ = {isa = PBXFileReference; lastKnownFileType = folder.assetcatalog; path = Assets.xcassets; sourceTree = "<group>"; };
		6AC07E911CB193BA00095001 /* Base */ = {isa = PBXFileReference; lastKnownFileType = file.storyboard; name = Base; path = Base.lproj/LaunchScreen.storyboard; sourceTree = "<group>"; };
		6AC07E931CB193BA00095001 /* Info.plist */ = {isa = PBXFileReference; lastKnownFileType = text.plist.xml; path = Info.plist; sourceTree = "<group>"; };
/* End PBXFileReference section */

/* Begin PBXFrameworksBuildPhase section */
		6AC07E7D1CB193BA00095001 /* Frameworks */ = {
			isa = PBXFrameworksBuildPhase;
			buildActionMask = 2147483647;
			files = (
			);
			runOnlyForDeploymentPostprocessing = 0;
		};
/* End PBXFrameworksBuildPhase section */

/* Begin PBXGroup section */
		6AC07E771CB193BA00095001 = {
			isa = PBXGroup;
			children = (
				6AC07E821CB193BA00095001 /* Assignment 3 */,
				6AC07E811CB193BA00095001 /* Products */,
			);
			sourceTree = "<group>";
		};
		6AC07E811CB193BA00095001 /* Products */ = {
			isa = PBXGroup;
			children = (
				6AC07E801CB193BA00095001 /* Assignment 3.app */,
			);
			name = Products;
			sourceTree = "<group>";
		};
		6AC07E821CB193BA00095001 /* Assignment 3 */ = {
			isa = PBXGroup;
			children = (
				6AC07E831CB193BA00095001 /* AppDelegate.swift */,
				6AC07E851CB193BA00095001 /* GameScene.sks */,
				6A148A171CB35EFB0065B8AA /* GameOver.swift */,
				6AC07E871CB193BA00095001 /* GameScene.swift */,
				6AC07E891CB193BA00095001 /* GameViewController.swift */,
				6AC07E8B1CB193BA00095001 /* Main.storyboard */,
				6AC07E8E1CB193BA00095001 /* Assets.xcassets */,
				6AC07E901CB193BA00095001 /* LaunchScreen.storyboard */,
				6AC07E931CB193BA00095001 /* Info.plist */,
				6A165F051CB5DD1400B4EB44 /* bite.wav */,
				6A2A51511CB6C4400088F0DD /* star.wav */,
				6A165F031CB5DD0B00B4EB44 /* death.wav */,
				6A2A51551CB6D82F0088F0DD /* scream.wav */,
				6A2A51571CB6D8DA0088F0DD /* gameOver.wav */,
				6A2A51591CB6D96E0088F0DD /* shootRock.aiff */,
				6A2A51531CB6D7770088F0DD /* food.wav */,
			);
			path = "Assignment 3";
			sourceTree = "<group>";
		};
/* End PBXGroup section */

/* Begin PBXNativeTarget section */
		6AC07E7F1CB193BA00095001 /* Assignment 3 */ = {
			isa = PBXNativeTarget;
			buildConfigurationList = 6AC07E961CB193BA00095001 /* Build configuration list for PBXNativeTarget "Assignment 3" */;
			buildPhases = (
				6AC07E7C1CB193BA00095001 /* Sources */,
				6AC07E7D1CB193BA00095001 /* Frameworks */,
				6AC07E7E1CB193BA00095001 /* Resources */,
			);
			buildRules = (
			);
			dependencies = (
			);
			name = "Assignment 3";
			productName = "Assignment 3";
			productReference = 6AC07E801CB193BA00095001 /* Assignment 3.app */;
			productType = "com.apple.product-type.application";
		};
/* End PBXNativeTarget section */

/* Begin PBXProject section */
		6AC07E781CB193BA00095001 /* Project object */ = {
			isa = PBXProject;
			attributes = {
				LastSwiftUpdateCheck = 0720;
				LastUpgradeCheck = 0720;
				ORGANIZATIONNAME = Ayesha;
				TargetAttributes = {
					6AC07E7F1CB193BA00095001 = {
						CreatedOnToolsVersion = 7.2.1;
					};
				};
			};
			buildConfigurationList = 6AC07E7B1CB193BA00095001 /* Build configuration list for PBXProject "Assignment 3" */;
			compatibilityVersion = "Xcode 3.2";
			developmentRegion = English;
			hasScannedForEncodings = 0;
			knownRegions = (
				en,
				Base,
			);
			mainGroup = 6AC07E771CB193BA00095001;
			productRefGroup = 6AC07E811CB193BA00095001 /* Products */;
			projectDirPath = "";
			projectRoot = "";
			targets = (
				6AC07E7F1CB193BA00095001 /* Assignment 3 */,
			);
		};
/* End PBXProject section */

/* Begin PBXResourcesBuildPhase section */
		6AC07E7E1CB193BA00095001 /* Resources */ = {
			isa = PBXResourcesBuildPhase;
			buildActionMask = 2147483647;
			files = (
				6A165F061CB5DD1400B4EB44 /* bite.wav in Resources */,
				6A165F041CB5DD0B00B4EB44 /* death.wav in Resources */,
				6AC07E861CB193BA00095001 /* GameScene.sks in Resources */,
				6AC07E921CB193BA00095001 /* LaunchScreen.storyboard in Resources */,
				6A2A51581CB6D8DA0088F0DD /* gameOver.wav in Resources */,
				6A2A51541CB6D7770088F0DD /* food.wav in Resources */,
				6A2A51561CB6D82F0088F0DD /* scream.wav in Resources */,
				6AC07E8F1CB193BA00095001 /* Assets.xcassets in Resources */,
				6AC07E8D1CB193BA00095001 /* Main.storyboard in Resources */,
				6A2A51521CB6C4400088F0DD /* star.wav in Resources */,
				6A2A515A1CB6D96E0088F0DD /* shootRock.aiff in Resources */,
			);
			runOnlyForDeploymentPostprocessing = 0;
		};
/* End PBXResourcesBuildPhase section */

/* Begin PBXSourcesBuildPhase section */
		6AC07E7C1CB193BA00095001 /* Sources */ = {
			isa = PBXSourcesBuildPhase;
			buildActionMask = 2147483647;
			files = (
				6AC07E881CB193BA00095001 /* GameScene.swift in Sources */,
				6AC07E8A1CB193BA00095001 /* GameViewController.swift in Sources */,
				6AC07E841CB193BA00095001 /* AppDelegate.swift in Sources */,
				6A148A181CB35EFB0065B8AA /* GameOver.swift in Sources */,
			);
			runOnlyForDeploymentPostprocessing = 0;
		};
/* End PBXSourcesBuildPhase section */

/* Begin PBXVariantGroup section */
		6AC07E8B1CB193BA00095001 /* Main.storyboard */ = {
			isa = PBXVariantGroup;
			children = (
				6AC07E8C1CB193BA00095001 /* Base */,
			);
			name = Main.storyboard;
			sourceTree = "<group>";
		};
		6AC07E901CB193BA00095001 /* LaunchScreen.storyboard */ = {
			isa = PBXVariantGroup;
			children = (
				6AC07E911CB193BA00095001 /* Base */,
			);
			name = LaunchScreen.storyboard;
			sourceTree = "<group>";
		};
/* End PBXVariantGroup section */

/* Begin XCBuildConfiguration section */
		6AC07E941CB193BA00095001 /* Debug */ = {
			isa = XCBuildConfiguration;
			buildSettings = {
				ALWAYS_SEARCH_USER_PATHS = NO;
				CLANG_CXX_LANGUAGE_STANDARD = "gnu++0x";
				CLANG_CXX_LIBRARY = "libc++";
				CLANG_ENABLE_MODULES = YES;
				CLANG_ENABLE_OBJC_ARC = YES;
				CLANG_WARN_BOOL_CONVERSION = YES;
				CLANG_WARN_CONSTANT_CONVERSION = YES;
				CLANG_WARN_DIRECT_OBJC_ISA_USAGE = YES_ERROR;
				CLANG_WARN_EMPTY_BODY = YES;
				CLANG_WARN_ENUM_CONVERSION = YES;
				CLANG_WARN_INT_CONVERSION = YES;
				CLANG_WARN_OBJC_ROOT_CLASS = YES_ERROR;
				CLANG_WARN_UNREACHABLE_CODE = YES;
				CLANG_WARN__DUPLICATE_METHOD_MATCH = YES;
				"CODE_SIGN_IDENTITY[sdk=iphoneos*]" = "iPhone Developer";
				COPY_PHASE_STRIP = NO;
				DEBUG_INFORMATION_FORMAT = "dwarf-with-dsym";
				ENABLE_STRICT_OBJC_MSGSEND = YES;
				ENABLE_TESTABILITY = YES;
				GCC_C_LANGUAGE_STANDARD = gnu99;
				GCC_DYNAMIC_NO_PIC = NO;
				GCC_NO_COMMON_BLOCKS = YES;
				GCC_OPTIMIZATION_LEVEL = 0;
				GCC_PREPROCESSOR_DEFINITIONS = (
					"DEBUG=1",
					"$(inherited)",
				);
				GCC_WARN_64_TO_32_BIT_CONVERSION = YES;
				GCC_WARN_ABOUT_RETURN_TYPE = YES_ERROR;
				GCC_WARN_UNDECLARED_SELECTOR = YES;
				GCC_WARN_UNINITIALIZED_AUTOS = YES_AGGRESSIVE;
				GCC_WARN_UNUSED_FUNCTION = YES;
				GCC_WARN_UNUSED_VARIABLE = YES;
				IPHONEOS_DEPLOYMENT_TARGET = 9.2;
				MTL_ENABLE_DEBUG_INFO = YES;
				ONLY_ACTIVE_ARCH = YES;
				SDKROOT = iphoneos;
				SWIFT_OPTIMIZATION_LEVEL = "-Onone";
				TARGETED_DEVICE_FAMILY = 2;
			};
			name = Debug;
		};
		6AC07E951CB193BA00095001 /* Release */ = {
			isa = XCBuildConfiguration;
			buildSettings = {
				ALWAYS_SEARCH_USER_PATHS = NO;
				CLANG_CXX_LANGUAGE_STANDARD = "gnu++0x";
				CLANG_CXX_LIBRARY = "libc++";
				CLANG_ENABLE_MODULES = YES;
				CLANG_ENABLE_OBJC_ARC = YES;
				CLANG_WARN_BOOL_CONVERSION = YES;
				CLANG_WARN_CONSTANT_CONVERSION = YES;
				CLANG_WARN_DIRECT_OBJC_ISA_USAGE = YES_ERROR;
				CLANG_WARN_EMPTY_BODY = YES;
				CLANG_WARN_ENUM_CONVERSION = YES;
				CLANG_WARN_INT_CONVERSION = YES;
				CLANG_WARN_OBJC_ROOT_CLASS = YES_ERROR;
				CLANG_WARN_UNREACHABLE_CODE = YES;
				CLANG_WARN__DUPLICATE_METHOD_MATCH = YES;
				"CODE_SIGN_IDENTITY[sdk=iphoneos*]" = "iPhone Developer";
				COPY_PHASE_STRIP = NO;
				DEBUG_INFORMATION_FORMAT = "dwarf-with-dsym";
				ENABLE_NS_ASSERTIONS = NO;
				ENABLE_STRICT_OBJC_MSGSEND = YES;
				GCC_C_LANGUAGE_STANDARD = gnu99;
				GCC_NO_COMMON_BLOCKS = YES;
				GCC_WARN_64_TO_32_BIT_CONVERSION = YES;
				GCC_WARN_ABOUT_RETURN_TYPE = YES_ERROR;
				GCC_WARN_UNDECLARED_SELECTOR = YES;
				GCC_WARN_UNINITIALIZED_AUTOS = YES_AGGRESSIVE;
				GCC_WARN_UNUSED_FUNCTION = YES;
				GCC_WARN_UNUSED_VARIABLE = YES;
				IPHONEOS_DEPLOYMENT_TARGET = 9.2;
				MTL_ENABLE_DEBUG_INFO = NO;
				SDKROOT = iphoneos;
				TARGETED_DEVICE_FAMILY = 2;
				VALIDATE_PRODUCT = YES;
			};
			name = Release;
		};
		6AC07E971CB193BA00095001 /* Debug */ = {
			isa = XCBuildConfiguration;
			buildSettings = {
				ASSETCATALOG_COMPILER_APPICON_NAME = AppIcon;
				INFOPLIST_FILE = "Assignment 3/Info.plist";
				LD_RUNPATH_SEARCH_PATHS = "$(inherited) @executable_path/Frameworks";
				PRODUCT_BUNDLE_IDENTIFIER = "CL.Assignment-3";
				PRODUCT_NAME = "$(TARGET_NAME)";
			};
			name = Debug;
		};
		6AC07E981CB193BA00095001 /* Release */ = {
			isa = XCBuildConfiguration;
			buildSettings = {
				ASSETCATALOG_COMPILER_APPICON_NAME = AppIcon;
				INFOPLIST_FILE = "Assignment 3/Info.plist";
				LD_RUNPATH_SEARCH_PATHS = "$(inherited) @executable_path/Frameworks";
				PRODUCT_BUNDLE_IDENTIFIER = "CL.Assignment-3";
				PRODUCT_NAME = "$(TARGET_NAME)";
			};
			name = Release;
		};
/* End XCBuildConfiguration section */

/* Begin XCConfigurationList section */
		6AC07E7B1CB193BA00095001 /* Build configuration list for PBXProject "Assignment 3" */ = {
			isa = XCConfigurationList;
			buildConfigurations = (
				6AC07E941CB193BA00095001 /* Debug */,
				6AC07E951CB193BA00095001 /* Release */,
			);
			defaultConfigurationIsVisible = 0;
			defaultConfigurationName = Release;
		};
		6AC07E961CB193BA00095001 /* Build configuration list for PBXNativeTarget "Assignment 3" */ = {
			isa = XCConfigurationList;
			buildConfigurations = (
				6AC07E971CB193BA00095001 /* Debug */,
				6AC07E981CB193BA00095001 /* Release */,
			);
			defaultConfigurationIsVisible = 0;
			defaultConfigurationName = Release;
		};
/* End XCConfigurationList section */
	};
	rootObject = 6AC07E781CB193BA00095001 /* Project object */;
}
